
Microsoft Visual Studio Solution File, Format Version 12.00
# Visual Studio 14
VisualStudioVersion = 14.0.25420.1
MinimumVisualStudioVersion = 10.0.40219.1
Project("{FAE04EC0-301F-11D3-BF4B-00C04F79EFBC}") = "BuscaPaises.Android", "BuscaPaises\BuscaPaises.Android\BuscaPaises.Android.csproj", "{81085537-96CE-4BDF-A398-D614BA601643}"
EndProject
Project("{FAE04EC0-301F-11D3-BF4B-00C04F79EFBC}") = "BuscaPaises", "BuscaPaises\BuscaPaises\BuscaPaises.csproj", "{DDF43C3E-5BB8-45CA-8B20-5FFAAB564344}"
EndProject
Project("{FAE04EC0-301F-11D3-BF4B-00C04F79EFBC}") = "BuscaPaises.iOS", "BuscaPaises\BuscaPaises.iOS\BuscaPaises.iOS.csproj", "{3F815472-54F2-438F-9845-9118F8D560A3}"
EndProject
Global
	GlobalSection(SolutionConfigurationPlatforms) = preSolution
		Ad-Hoc|Any CPU = Ad-Hoc|Any CPU
		Ad-Hoc|iPhone = Ad-Hoc|iPhone
		Ad-Hoc|iPhoneSimulator = Ad-Hoc|iPhoneSimulator
		AppStore|Any CPU = AppStore|Any CPU
		AppStore|iPhone = AppStore|iPhone
		AppStore|iPhoneSimulator = AppStore|iPhoneSimulator
		Debug|Any CPU = Debug|Any CPU
		Debug|iPhone = Debug|iPhone
		Debug|iPhoneSimulator = Debug|iPhoneSimulator
		Release|Any CPU = Release|Any CPU
		Release|iPhone = Release|iPhone
		Release|iPhoneSimulator = Release|iPhoneSimulator
	EndGlobalSection
	GlobalSection(ProjectConfigurationPlatforms) = postSolution
		{81085537-96CE-4BDF-A398-D614BA601643}.Ad-Hoc|Any CPU.ActiveCfg = Release|Any CPU
		{81085537-96CE-4BDF-A398-D614BA601643}.Ad-Hoc|Any CPU.Build.0 = Release|Any CPU
		{81085537-96CE-4BDF-A398-D614BA601643}.Ad-Hoc|Any CPU.Deploy.0 = Release|Any CPU
		{81085537-96CE-4BDF-A398-D614BA601643}.Ad-Hoc|iPhone.ActiveCfg = Release|Any CPU
		{81085537-96CE-4BDF-A398-D614BA601643}.Ad-Hoc|iPhone.Build.0 = Release|Any CPU
		{81085537-96CE-4BDF-A398-D614BA601643}.Ad-Hoc|iPhone.Deploy.0 = Release|Any CPU
		{81085537-96CE-4BDF-A398-D614BA601643}.Ad-Hoc|iPhoneSimulator.ActiveCfg = Release|Any CPU
		{81085537-96CE-4BDF-A398-D614BA601643}.Ad-Hoc|iPhoneSimulator.Build.0 = Release|Any CPU
		{81085537-96CE-4BDF-A398-D614BA601643}.Ad-Hoc|iPhoneSimulator.Deploy.0 = Release|Any CPU
		{81085537-96CE-4BDF-A398-D614BA601643}.AppStore|Any CPU.ActiveCfg = Release|Any CPU
		{81085537-96CE-4BDF-A398-D614BA601643}.AppStore|Any CPU.Build.0 = Release|Any CPU
		{81085537-96CE-4BDF-A398-D614BA601643}.AppStore|Any CPU.Deploy.0 = Release|Any CPU
		{81085537-96CE-4BDF-A398-D614BA601643}.AppStore|iPhone.ActiveCfg = Release|Any CPU
		{81085537-96CE-4BDF-A398-D614BA601643}.AppStore|iPhone.Build.0 = Release|Any CPU
		{81085537-96CE-4BDF-A398-D614BA601643}.AppStore|iPhone.Deploy.0 = Release|Any CPU
		{81085537-96CE-4BDF-A398-D614BA601643}.AppStore|iPhoneSimulator.ActiveCfg = Release|Any CPU
		{81085537-96CE-4BDF-A398-D614BA601643}.AppStore|iPhoneSimulator.Build.0 = Release|Any CPU
		{81085537-96CE-4BDF-A398-D614BA601643}.AppStore|iPhoneSimulator.Deploy.0 = Release|Any CPU
		{81085537-96CE-4BDF-A398-D614BA601643}.Debug|Any CPU.ActiveCfg = Debug|Any CPU
		{81085537-96CE-4BDF-A398-D614BA601643}.Debug|Any CPU.Build.0 = Debug|Any CPU
		{81085537-96CE-4BDF-A398-D614BA601643}.Debug|Any CPU.Deploy.0 = Debug|Any CPU
		{81085537-96CE-4BDF-A398-D614BA601643}.Debug|iPhone.ActiveCfg = Debug|Any CPU
		{81085537-96CE-4BDF-A398-D614BA601643}.Debug|iPhone.Build.0 = Debug|Any CPU
		{81085537-96CE-4BDF-A398-D614BA601643}.Debug|iPhone.Deploy.0 = Debug|Any CPU
		{81085537-96CE-4BDF-A398-D614BA601643}.Debug|iPhoneSimulator.ActiveCfg = Debug|Any CPU
		{81085537-96CE-4BDF-A398-D614BA601643}.Debug|iPhoneSimulator.Build.0 = Debug|Any CPU
		{81085537-96CE-4BDF-A398-D614BA601643}.Debug|iPhoneSimulator.Deploy.0 = Debug|Any CPU
		{81085537-96CE-4BDF-A398-D614BA601643}.Release|Any CPU.ActiveCfg = Release|Any CPU
		{81085537-96CE-4BDF-A398-D614BA601643}.Release|Any CPU.Build.0 = Release|Any CPU
		{81085537-96CE-4BDF-A398-D614BA601643}.Release|Any CPU.Deploy.0 = Release|Any CPU
		{81085537-96CE-4BDF-A398-D614BA601643}.Release|iPhone.ActiveCfg = Release|Any CPU
		{81085537-96CE-4BDF-A398-D614BA601643}.Release|iPhone.Build.0 = Release|Any CPU
		{81085537-96CE-4BDF-A398-D614BA601643}.Release|iPhone.Deploy.0 = Release|Any CPU
		{81085537-96CE-4BDF-A398-D614BA601643}.Release|iPhoneSimulator.ActiveCfg = Release|Any CPU
		{81085537-96CE-4BDF-A398-D614BA601643}.Release|iPhoneSimulator.Build.0 = Release|Any CPU
		{81085537-96CE-4BDF-A398-D614BA601643}.Release|iPhoneSimulator.Deploy.0 = Release|Any CPU
		{DDF43C3E-5BB8-45CA-8B20-5FFAAB564344}.Ad-Hoc|Any CPU.ActiveCfg = Release|Any CPU
		{DDF43C3E-5BB8-45CA-8B20-5FFAAB564344}.Ad-Hoc|Any CPU.Build.0 = Release|Any CPU
		{DDF43C3E-5BB8-45CA-8B20-5FFAAB564344}.Ad-Hoc|iPhone.ActiveCfg = Release|Any CPU
		{DDF43C3E-5BB8-45CA-8B20-5FFAAB564344}.Ad-Hoc|iPhone.Build.0 = Release|Any CPU
		{DDF43C3E-5BB8-45CA-8B20-5FFAAB564344}.Ad-Hoc|iPhoneSimulator.ActiveCfg = Release|Any CPU
		{DDF43C3E-5BB8-45CA-8B20-5FFAAB564344}.Ad-Hoc|iPhoneSimulator.Build.0 = Release|Any CPU
		{DDF43C3E-5BB8-45CA-8B20-5FFAAB564344}.AppStore|Any CPU.ActiveCfg = Release|Any CPU
		{DDF43C3E-5BB8-45CA-8B20-5FFAAB564344}.AppStore|Any CPU.Build.0 = Release|Any CPU
		{DDF43C3E-5BB8-45CA-8B20-5FFAAB564344}.AppStore|iPhone.ActiveCfg = Release|Any CPU
		{DDF43C3E-5BB8-45CA-8B20-5FFAAB564344}.AppStore|iPhone.Build.0 = Release|Any CPU
		{DDF43C3E-5BB8-45CA-8B20-5FFAAB564344}.AppStore|iPhoneSimulator.ActiveCfg = Release|Any CPU
		{DDF43C3E-5BB8-45CA-8B20-5FFAAB564344}.AppStore|iPhoneSimulator.Build.0 = Release|Any CPU
		{DDF43C3E-5BB8-45CA-8B20-5FFAAB564344}.Debug|Any CPU.ActiveCfg = Debug|Any CPU
		{DDF43C3E-5BB8-45CA-8B20-5FFAAB564344}.Debug|Any CPU.Build.0 = Debug|Any CPU
		{DDF43C3E-5BB8-45CA-8B20-5FFAAB564344}.Debug|iPhone.ActiveCfg = Debug|Any CPU
		{DDF43C3E-5BB8-45CA-8B20-5FFAAB564344}.Debug|iPhone.Build.0 = Debug|Any CPU
		{DDF43C3E-5BB8-45CA-8B20-5FFAAB564344}.Debug|iPhoneSimulator.ActiveCfg = Debug|Any CPU
		{DDF43C3E-5BB8-45CA-8B20-5FFAAB564344}.Debug|iPhoneSimulator.Build.0 = Debug|Any CPU
		{DDF43C3E-5BB8-45CA-8B20-5FFAAB564344}.Release|Any CPU.ActiveCfg = Release|Any CPU
		{DDF43C3E-5BB8-45CA-8B20-5FFAAB564344}.Release|Any CPU.Build.0 = Release|Any CPU
		{DDF43C3E-5BB8-45CA-8B20-5FFAAB564344}.Release|iPhone.ActiveCfg = Release|Any CPU
		{DDF43C3E-5BB8-45CA-8B20-5FFAAB564344}.Release|iPhone.Build.0 = Release|Any CPU
		{DDF43C3E-5BB8-45CA-8B20-5FFAAB564344}.Release|iPhoneSimulator.ActiveCfg = Release|Any CPU
		{DDF43C3E-5BB8-45CA-8B20-5FFAAB564344}.Release|iPhoneSimulator.Build.0 = Release|Any CPU
		{3F815472-54F2-438F-9845-9118F8D560A3}.Ad-Hoc|Any CPU.ActiveCfg = Ad-Hoc|iPhone
		{3F815472-54F2-438F-9845-9118F8D560A3}.Ad-Hoc|iPhone.ActiveCfg = Ad-Hoc|iPhone
		{3F815472-54F2-438F-9845-9118F8D560A3}.Ad-Hoc|iPhone.Build.0 = Ad-Hoc|iPhone
		{3F815472-54F2-438F-9845-9118F8D560A3}.Ad-Hoc|iPhoneSimulator.ActiveCfg = Ad-Hoc|iPhoneSimulator
		{3F815472-54F2-438F-9845-9118F8D560A3}.Ad-Hoc|iPhoneSimulator.Build.0 = Ad-Hoc|iPhoneSimulator
		{3F815472-54F2-438F-9845-9118F8D560A3}.AppStore|Any CPU.ActiveCfg = AppStore|iPhone
		{3F815472-54F2-438F-9845-9118F8D560A3}.AppStore|iPhone.ActiveCfg = AppStore|iPhone
		{3F815472-54F2-438F-9845-9118F8D560A3}.AppStore|iPhone.Build.0 = AppStore|iPhone
		{3F815472-54F2-438F-9845-9118F8D560A3}.AppStore|iPhoneSimulator.ActiveCfg = AppStore|iPhoneSimulator
		{3F815472-54F2-438F-9845-9118F8D560A3}.AppStore|iPhoneSimulator.Build.0 = AppStore|iPhoneSimulator
		{3F815472-54F2-438F-9845-9118F8D560A3}.Debug|Any CPU.ActiveCfg = Debug|iPhone
		{3F815472-54F2-438F-9845-9118F8D560A3}.Debug|iPhone.ActiveCfg = Debug|iPhone
		{3F815472-54F2-438F-9845-9118F8D560A3}.Debug|iPhone.Build.0 = Debug|iPhone
		{3F815472-54F2-438F-9845-9118F8D560A3}.Debug|iPhoneSimulator.ActiveCfg = Debug|iPhoneSimulator
		{3F815472-54F2-438F-9845-9118F8D560A3}.Debug|iPhoneSimulator.Build.0 = Debug|iPhoneSimulator
		{3F815472-54F2-438F-9845-9118F8D560A3}.Release|Any CPU.ActiveCfg = Release|iPhone
		{3F815472-54F2-438F-9845-9118F8D560A3}.Release|iPhone.ActiveCfg = Release|iPhone
		{3F815472-54F2-438F-9845-9118F8D560A3}.Release|iPhone.Build.0 = Release|iPhone
		{3F815472-54F2-438F-9845-9118F8D560A3}.Release|iPhoneSimulator.ActiveCfg = Release|iPhoneSimulator
		{3F815472-54F2-438F-9845-9118F8D560A3}.Release|iPhoneSimulator.Build.0 = Release|iPhoneSimulator
	EndGlobalSection
	GlobalSection(SolutionProperties) = preSolution
		HideSolutionNode = FALSE
	EndGlobalSection
EndGlobal
